
Microsoft Visual Studio Solution File, Format Version 12.00
# Visual Studio Version 17
VisualStudioVersion = 17.5.002.0
MinimumVisualStudioVersion = 10.0.40219.1
Project("{9A19103F-16F7-4668-BE54-9A1E7A4F7556}") = "CommandService", "CommandService.csproj", "{AE65C356-5CDA-48BC-9C22-6FD2448C35F6}"
EndProject
Global
	GlobalSection(SolutionConfigurationPlatforms) = preSolution
		Debug|Any CPU = Debug|Any CPU
		Release|Any CPU = Release|Any CPU
	EndGlobalSection
	GlobalSection(ProjectConfigurationPlatforms) = postSolution
		{AE65C356-5CDA-48BC-9C22-6FD2448C35F6}.Debug|Any CPU.ActiveCfg = Debug|Any CPU
		{AE65C356-5CDA-48BC-9C22-6FD2448C35F6}.Debug|Any CPU.Build.0 = Debug|Any CPU
		{AE65C356-5CDA-48BC-9C22-6FD2448C35F6}.Release|Any CPU.ActiveCfg = Release|Any CPU
		{AE65C356-5CDA-48BC-9C22-6FD2448C35F6}.Release|Any CPU.Build.0 = Release|Any CPU
	EndGlobalSection
	GlobalSection(SolutionProperties) = preSolution
		HideSolutionNode = FALSE
	EndGlobalSection
	GlobalSection(ExtensibilityGlobals) = postSolution
		SolutionGuid = {54730391-8305-422D-9D1A-3D5D2D9935AE}
	EndGlobalSection
EndGlobal
